
Microsoft Visual Studio Solution File, Format Version 12.00
# Visual Studio Version 17
VisualStudioVersion = 17.1.32421.90
MinimumVisualStudioVersion = 10.0.40219.1
Project("{FAE04EC0-301F-11D3-BF4B-00C04F79EFBC}") = "HardCodeBrawlStarsAI", "HardCodeBrawlStarsAI\HardCodeBrawlStarsAI.csproj", "{BC1E47D4-6B03-43DC-8D34-CD34EEB31FA8}"
EndProject
Global
	GlobalSection(SolutionConfigurationPlatforms) = preSolution
		Debug|Any CPU = Debug|Any CPU
		Release|Any CPU = Release|Any CPU
	EndGlobalSection
	GlobalSection(ProjectConfigurationPlatforms) = postSolution
		{BC1E47D4-6B03-43DC-8D34-CD34EEB31FA8}.Debug|Any CPU.ActiveCfg = Debug|Any CPU
		{BC1E47D4-6B03-43DC-8D34-CD34EEB31FA8}.Debug|Any CPU.Build.0 = Debug|Any CPU
		{BC1E47D4-6B03-43DC-8D34-CD34EEB31FA8}.Release|Any CPU.ActiveCfg = Release|Any CPU
		{BC1E47D4-6B03-43DC-8D34-CD34EEB31FA8}.Release|Any CPU.Build.0 = Release|Any CPU
	EndGlobalSection
	GlobalSection(SolutionProperties) = preSolution
		HideSolutionNode = FALSE
	EndGlobalSection
	GlobalSection(ExtensibilityGlobals) = postSolution
		SolutionGuid = {5903F246-5142-44B9-9ADA-FFA49EE3097E}
	EndGlobalSection
EndGlobal
